// !$*UTF8*$!
{
	archiveVersion = 1;
	classes = {
	};
	objectVersion = 56;
	objects = {

/* Begin PBXBuildFile section */
		6830A5E02A5FD80100EE3994 /* WeatherApp_iOS_SwiftUIApp.swift in Sources */ = {isa = PBXBuildFile; fileRef = 6830A5DF2A5FD80100EE3994 /* WeatherApp_iOS_SwiftUIApp.swift */; };
		6830A5E22A5FD80100EE3994 /* ContentView.swift in Sources */ = {isa = PBXBuildFile; fileRef = 6830A5E12A5FD80100EE3994 /* ContentView.swift */; };
		6830A5E42A5FD80200EE3994 /* Assets.xcassets in Resources */ = {isa = PBXBuildFile; fileRef = 6830A5E32A5FD80200EE3994 /* Assets.xcassets */; };
		6830A5E72A5FD80200EE3994 /* Preview Assets.xcassets in Resources */ = {isa = PBXBuildFile; fileRef = 6830A5E62A5FD80200EE3994 /* Preview Assets.xcassets */; };
		6830A5F02A63210300EE3994 /* LocationService.swift in Sources */ = {isa = PBXBuildFile; fileRef = 6830A5EF2A63210300EE3994 /* LocationService.swift */; };
		6830A5F32A63268E00EE3994 /* WelcomeView.swift in Sources */ = {isa = PBXBuildFile; fileRef = 6830A5F22A63268E00EE3994 /* WelcomeView.swift */; };
		6830A5F52A64307000EE3994 /* LoadingView.swift in Sources */ = {isa = PBXBuildFile; fileRef = 6830A5F42A64307000EE3994 /* LoadingView.swift */; };
		6830A5F72A643B9100EE3994 /* WeatherService.swift in Sources */ = {isa = PBXBuildFile; fileRef = 6830A5F62A643B9100EE3994 /* WeatherService.swift */; };
		6835E13C2A68816E00144743 /* WeatherView.swift in Sources */ = {isa = PBXBuildFile; fileRef = 6835E13B2A68816E00144743 /* WeatherView.swift */; };
		6835E13E2A68875600144743 /* ModelData.swift in Sources */ = {isa = PBXBuildFile; fileRef = 6835E13D2A68875600144743 /* ModelData.swift */; };
		6835E1422A6C201E00144743 /* weatherData.json in Resources */ = {isa = PBXBuildFile; fileRef = 6835E1412A6C201E00144743 /* weatherData.json */; };
		6835E1442A6C21BC00144743 /* Extensions.swift in Sources */ = {isa = PBXBuildFile; fileRef = 6835E1432A6C21BC00144743 /* Extensions.swift */; };
/* End PBXBuildFile section */

/* Begin PBXFileReference section */
		6830A5DC2A5FD80100EE3994 /* WeatherApp-iOS-SwiftUI.app */ = {isa = PBXFileReference; explicitFileType = wrapper.application; includeInIndex = 0; path = "WeatherApp-iOS-SwiftUI.app"; sourceTree = BUILT_PRODUCTS_DIR; };
		6830A5DF2A5FD80100EE3994 /* WeatherApp_iOS_SwiftUIApp.swift */ = {isa = PBXFileReference; lastKnownFileType = sourcecode.swift; path = WeatherApp_iOS_SwiftUIApp.swift; sourceTree = "<group>"; };
		6830A5E12A5FD80100EE3994 /* ContentView.swift */ = {isa = PBXFileReference; lastKnownFileType = sourcecode.swift; path = ContentView.swift; sourceTree = "<group>"; };
		6830A5E32A5FD80200EE3994 /* Assets.xcassets */ = {isa = PBXFileReference; lastKnownFileType = folder.assetcatalog; path = Assets.xcassets; sourceTree = "<group>"; };
		6830A5E62A5FD80200EE3994 /* Preview Assets.xcassets */ = {isa = PBXFileReference; lastKnownFileType = folder.assetcatalog; path = "Preview Assets.xcassets"; sourceTree = "<group>"; };
		6830A5EF2A63210300EE3994 /* LocationService.swift */ = {isa = PBXFileReference; lastKnownFileType = sourcecode.swift; path = LocationService.swift; sourceTree = "<group>"; };
		6830A5F22A63268E00EE3994 /* WelcomeView.swift */ = {isa = PBXFileReference; lastKnownFileType = sourcecode.swift; path = WelcomeView.swift; sourceTree = "<group>"; };
		6830A5F42A64307000EE3994 /* LoadingView.swift */ = {isa = PBXFileReference; lastKnownFileType = sourcecode.swift; path = LoadingView.swift; sourceTree = "<group>"; };
		6830A5F62A643B9100EE3994 /* WeatherService.swift */ = {isa = PBXFileReference; lastKnownFileType = sourcecode.swift; path = WeatherService.swift; sourceTree = "<group>"; };
		6835E13B2A68816E00144743 /* WeatherView.swift */ = {isa = PBXFileReference; lastKnownFileType = sourcecode.swift; path = WeatherView.swift; sourceTree = "<group>"; };
		6835E13D2A68875600144743 /* ModelData.swift */ = {isa = PBXFileReference; lastKnownFileType = sourcecode.swift; path = ModelData.swift; sourceTree = "<group>"; };
		6835E1412A6C201E00144743 /* weatherData.json */ = {isa = PBXFileReference; lastKnownFileType = text.json; path = weatherData.json; sourceTree = "<group>"; };
		6835E1432A6C21BC00144743 /* Extensions.swift */ = {isa = PBXFileReference; lastKnownFileType = sourcecode.swift; path = Extensions.swift; sourceTree = "<group>"; };
/* End PBXFileReference section */

/* Begin PBXFrameworksBuildPhase section */
		6830A5D92A5FD80100EE3994 /* Frameworks */ = {
			isa = PBXFrameworksBuildPhase;
			buildActionMask = 2147483647;
			files = (
			);
			runOnlyForDeploymentPostprocessing = 0;
		};
/* End PBXFrameworksBuildPhase section */

/* Begin PBXGroup section */
		6830A5D32A5FD80100EE3994 = {
			isa = PBXGroup;
			children = (
				6830A5DE2A5FD80100EE3994 /* WeatherApp-iOS-SwiftUI */,
				6830A5DD2A5FD80100EE3994 /* Products */,
			);
			sourceTree = "<group>";
		};
		6830A5DD2A5FD80100EE3994 /* Products */ = {
			isa = PBXGroup;
			children = (
				6830A5DC2A5FD80100EE3994 /* WeatherApp-iOS-SwiftUI.app */,
			);
			name = Products;
			sourceTree = "<group>";
		};
		6830A5DE2A5FD80100EE3994 /* WeatherApp-iOS-SwiftUI */ = {
			isa = PBXGroup;
			children = (
				6830A5EE2A63206000EE3994 /* Services */,
				6830A5F12A6324CB00EE3994 /* Views */,
				6830A5DF2A5FD80100EE3994 /* WeatherApp_iOS_SwiftUIApp.swift */,
				6830A5E32A5FD80200EE3994 /* Assets.xcassets */,
				6835E1432A6C21BC00144743 /* Extensions.swift */,
				6830A5E52A5FD80200EE3994 /* Preview Content */,
			);
			path = "WeatherApp-iOS-SwiftUI";
			sourceTree = "<group>";
		};
		6830A5E52A5FD80200EE3994 /* Preview Content */ = {
			isa = PBXGroup;
			children = (
				6830A5E62A5FD80200EE3994 /* Preview Assets.xcassets */,
				6835E13D2A68875600144743 /* ModelData.swift */,
				6835E1412A6C201E00144743 /* weatherData.json */,
			);
			path = "Preview Content";
			sourceTree = "<group>";
		};
		6830A5EE2A63206000EE3994 /* Services */ = {
			isa = PBXGroup;
			children = (
				6830A5EF2A63210300EE3994 /* LocationService.swift */,
				6830A5F62A643B9100EE3994 /* WeatherService.swift */,
			);
			path = Services;
			sourceTree = "<group>";
		};
		6830A5F12A6324CB00EE3994 /* Views */ = {
			isa = PBXGroup;
			children = (
				6830A5E12A5FD80100EE3994 /* ContentView.swift */,
				6830A5F22A63268E00EE3994 /* WelcomeView.swift */,
				6830A5F42A64307000EE3994 /* LoadingView.swift */,
				6835E13B2A68816E00144743 /* WeatherView.swift */,
			);
			path = Views;
			sourceTree = "<group>";
		};
/* End PBXGroup section */

/* Begin PBXNativeTarget section */
		6830A5DB2A5FD80100EE3994 /* WeatherApp-iOS-SwiftUI */ = {
			isa = PBXNativeTarget;
			buildConfigurationList = 6830A5EA2A5FD80200EE3994 /* Build configuration list for PBXNativeTarget "WeatherApp-iOS-SwiftUI" */;
			buildPhases = (
				6830A5D82A5FD80100EE3994 /* Sources */,
				6830A5D92A5FD80100EE3994 /* Frameworks */,
				6830A5DA2A5FD80100EE3994 /* Resources */,
			);
			buildRules = (
			);
			dependencies = (
			);
			name = "WeatherApp-iOS-SwiftUI";
			productName = "WeatherApp-iOS-SwiftUI";
			productReference = 6830A5DC2A5FD80100EE3994 /* WeatherApp-iOS-SwiftUI.app */;
			productType = "com.apple.product-type.application";
		};
/* End PBXNativeTarget section */

/* Begin PBXProject section */
		6830A5D42A5FD80100EE3994 /* Project object */ = {
			isa = PBXProject;
			attributes = {
				BuildIndependentTargetsInParallel = 1;
				LastSwiftUpdateCheck = 1420;
				LastUpgradeCheck = 1420;
				TargetAttributes = {
					6830A5DB2A5FD80100EE3994 = {
						CreatedOnToolsVersion = 14.2;
					};
				};
			};
			buildConfigurationList = 6830A5D72A5FD80100EE3994 /* Build configuration list for PBXProject "WeatherApp-iOS-SwiftUI" */;
			compatibilityVersion = "Xcode 14.0";
			developmentRegion = en;
			hasScannedForEncodings = 0;
			knownRegions = (
				en,
				Base,
			);
			mainGroup = 6830A5D32A5FD80100EE3994;
			productRefGroup = 6830A5DD2A5FD80100EE3994 /* Products */;
			projectDirPath = "";
			projectRoot = "";
			targets = (
				6830A5DB2A5FD80100EE3994 /* WeatherApp-iOS-SwiftUI */,
			);
		};
/* End PBXProject section */

/* Begin PBXResourcesBuildPhase section */
		6830A5DA2A5FD80100EE3994 /* Resources */ = {
			isa = PBXResourcesBuildPhase;
			buildActionMask = 2147483647;
			files = (
				6830A5E72A5FD80200EE3994 /* Preview Assets.xcassets in Resources */,
				6835E1422A6C201E00144743 /* weatherData.json in Resources */,
				6830A5E42A5FD80200EE3994 /* Assets.xcassets in Resources */,
			);
			runOnlyForDeploymentPostprocessing = 0;
		};
/* End PBXResourcesBuildPhase section */

/* Begin PBXSourcesBuildPhase section */
		6830A5D82A5FD80100EE3994 /* Sources */ = {
			isa = PBXSourcesBuildPhase;
			buildActionMask = 2147483647;
			files = (
				6830A5E22A5FD80100EE3994 /* ContentView.swift in Sources */,
				6835E1442A6C21BC00144743 /* Extensions.swift in Sources */,
				6830A5E02A5FD80100EE3994 /* WeatherApp_iOS_SwiftUIApp.swift in Sources */,
				6830A5F02A63210300EE3994 /* LocationService.swift in Sources */,
				6830A5F52A64307000EE3994 /* LoadingView.swift in Sources */,
				6830A5F72A643B9100EE3994 /* WeatherService.swift in Sources */,
				6835E13C2A68816E00144743 /* WeatherView.swift in Sources */,
				6830A5F32A63268E00EE3994 /* WelcomeView.swift in Sources */,
				6835E13E2A68875600144743 /* ModelData.swift in Sources */,
			);
			runOnlyForDeploymentPostprocessing = 0;
		};
/* End PBXSourcesBuildPhase section */

/* Begin XCBuildConfiguration section */
		6830A5E82A5FD80200EE3994 /* Debug */ = {
			isa = XCBuildConfiguration;
			buildSettings = {
				ALWAYS_SEARCH_USER_PATHS = NO;
				CLANG_ANALYZER_NONNULL = YES;
				CLANG_ANALYZER_NUMBER_OBJECT_CONVERSION = YES_AGGRESSIVE;
				CLANG_CXX_LANGUAGE_STANDARD = "gnu++20";
				CLANG_ENABLE_MODULES = YES;
				CLANG_ENABLE_OBJC_ARC = YES;
				CLANG_ENABLE_OBJC_WEAK = YES;
				CLANG_WARN_BLOCK_CAPTURE_AUTORELEASING = YES;
				CLANG_WARN_BOOL_CONVERSION = YES;
				CLANG_WARN_COMMA = YES;
				CLANG_WARN_CONSTANT_CONVERSION = YES;
				CLANG_WARN_DEPRECATED_OBJC_IMPLEMENTATIONS = YES;
				CLANG_WARN_DIRECT_OBJC_ISA_USAGE = YES_ERROR;
				CLANG_WARN_DOCUMENTATION_COMMENTS = YES;
				CLANG_WARN_EMPTY_BODY = YES;
				CLANG_WARN_ENUM_CONVERSION = YES;
				CLANG_WARN_INFINITE_RECURSION = YES;
				CLANG_WARN_INT_CONVERSION = YES;
				CLANG_WARN_NON_LITERAL_NULL_CONVERSION = YES;
				CLANG_WARN_OBJC_IMPLICIT_RETAIN_SELF = YES;
				CLANG_WARN_OBJC_LITERAL_CONVERSION = YES;
				CLANG_WARN_OBJC_ROOT_CLASS = YES_ERROR;
				CLANG_WARN_QUOTED_INCLUDE_IN_FRAMEWORK_HEADER = YES;
				CLANG_WARN_RANGE_LOOP_ANALYSIS = YES;
				CLANG_WARN_STRICT_PROTOTYPES = YES;
				CLANG_WARN_SUSPICIOUS_MOVE = YES;
				CLANG_WARN_UNGUARDED_AVAILABILITY = YES_AGGRESSIVE;
				CLANG_WARN_UNREACHABLE_CODE = YES;
				CLANG_WARN__DUPLICATE_METHOD_MATCH = YES;
				COPY_PHASE_STRIP = NO;
				DEBUG_INFORMATION_FORMAT = dwarf;
				ENABLE_STRICT_OBJC_MSGSEND = YES;
				ENABLE_TESTABILITY = YES;
				GCC_C_LANGUAGE_STANDARD = gnu11;
				GCC_DYNAMIC_NO_PIC = NO;
				GCC_NO_COMMON_BLOCKS = YES;
				GCC_OPTIMIZATION_LEVEL = 0;
				GCC_PREPROCESSOR_DEFINITIONS = (
					"DEBUG=1",
					"$(inherited)",
				);
				GCC_WARN_64_TO_32_BIT_CONVERSION = YES;
				GCC_WARN_ABOUT_RETURN_TYPE = YES_ERROR;
				GCC_WARN_UNDECLARED_SELECTOR = YES;
				GCC_WARN_UNINITIALIZED_AUTOS = YES_AGGRESSIVE;
				GCC_WARN_UNUSED_FUNCTION = YES;
				GCC_WARN_UNUSED_VARIABLE = YES;
				IPHONEOS_DEPLOYMENT_TARGET = 16.2;
				MTL_ENABLE_DEBUG_INFO = INCLUDE_SOURCE;
				MTL_FAST_MATH = YES;
				ONLY_ACTIVE_ARCH = YES;
				SDKROOT = iphoneos;
				SWIFT_ACTIVE_COMPILATION_CONDITIONS = DEBUG;
				SWIFT_OPTIMIZATION_LEVEL = "-Onone";
			};
			name = Debug;
		};
		6830A5E92A5FD80200EE3994 /* Release */ = {
			isa = XCBuildConfiguration;
			buildSettings = {
				ALWAYS_SEARCH_USER_PATHS = NO;
				CLANG_ANALYZER_NONNULL = YES;
				CLANG_ANALYZER_NUMBER_OBJECT_CONVERSION = YES_AGGRESSIVE;
				CLANG_CXX_LANGUAGE_STANDARD = "gnu++20";
				CLANG_ENABLE_MODULES = YES;
				CLANG_ENABLE_OBJC_ARC = YES;
				CLANG_ENABLE_OBJC_WEAK = YES;
				CLANG_WARN_BLOCK_CAPTURE_AUTORELEASING = YES;
				CLANG_WARN_BOOL_CONVERSION = YES;
				CLANG_WARN_COMMA = YES;
				CLANG_WARN_CONSTANT_CONVERSION = YES;
				CLANG_WARN_DEPRECATED_OBJC_IMPLEMENTATIONS = YES;
				CLANG_WARN_DIRECT_OBJC_ISA_USAGE = YES_ERROR;
				CLANG_WARN_DOCUMENTATION_COMMENTS = YES;
				CLANG_WARN_EMPTY_BODY = YES;
				CLANG_WARN_ENUM_CONVERSION = YES;
				CLANG_WARN_INFINITE_RECURSION = YES;
				CLANG_WARN_INT_CONVERSION = YES;
				CLANG_WARN_NON_LITERAL_NULL_CONVERSION = YES;
				CLANG_WARN_OBJC_IMPLICIT_RETAIN_SELF = YES;
				CLANG_WARN_OBJC_LITERAL_CONVERSION = YES;
				CLANG_WARN_OBJC_ROOT_CLASS = YES_ERROR;
				CLANG_WARN_QUOTED_INCLUDE_IN_FRAMEWORK_HEADER = YES;
				CLANG_WARN_RANGE_LOOP_ANALYSIS = YES;
				CLANG_WARN_STRICT_PROTOTYPES = YES;
				CLANG_WARN_SUSPICIOUS_MOVE = YES;
				CLANG_WARN_UNGUARDED_AVAILABILITY = YES_AGGRESSIVE;
				CLANG_WARN_UNREACHABLE_CODE = YES;
				CLANG_WARN__DUPLICATE_METHOD_MATCH = YES;
				COPY_PHASE_STRIP = NO;
				DEBUG_INFORMATION_FORMAT = "dwarf-with-dsym";
				ENABLE_NS_ASSERTIONS = NO;
				ENABLE_STRICT_OBJC_MSGSEND = YES;
				GCC_C_LANGUAGE_STANDARD = gnu11;
				GCC_NO_COMMON_BLOCKS = YES;
				GCC_WARN_64_TO_32_BIT_CONVERSION = YES;
				GCC_WARN_ABOUT_RETURN_TYPE = YES_ERROR;
				GCC_WARN_UNDECLARED_SELECTOR = YES;
				GCC_WARN_UNINITIALIZED_AUTOS = YES_AGGRESSIVE;
				GCC_WARN_UNUSED_FUNCTION = YES;
				GCC_WARN_UNUSED_VARIABLE = YES;
				IPHONEOS_DEPLOYMENT_TARGET = 16.2;
				MTL_ENABLE_DEBUG_INFO = NO;
				MTL_FAST_MATH = YES;
				SDKROOT = iphoneos;
				SWIFT_COMPILATION_MODE = wholemodule;
				SWIFT_OPTIMIZATION_LEVEL = "-O";
				VALIDATE_PRODUCT = YES;
			};
			name = Release;
		};
		6830A5EB2A5FD80200EE3994 /* Debug */ = {
			isa = XCBuildConfiguration;
			buildSettings = {
				ASSETCATALOG_COMPILER_APPICON_NAME = AppIcon;
				ASSETCATALOG_COMPILER_GLOBAL_ACCENT_COLOR_NAME = AccentColor;
				CODE_SIGN_STYLE = Automatic;
				CURRENT_PROJECT_VERSION = 1;
				DEVELOPMENT_ASSET_PATHS = "\"WeatherApp-iOS-SwiftUI/Preview Content\"";
				ENABLE_PREVIEWS = YES;
				GENERATE_INFOPLIST_FILE = YES;
				INFOPLIST_KEY_UIApplicationSceneManifest_Generation = YES;
				INFOPLIST_KEY_UIApplicationSupportsIndirectInputEvents = YES;
				INFOPLIST_KEY_UILaunchScreen_Generation = YES;
				INFOPLIST_KEY_UISupportedInterfaceOrientations_iPad = "UIInterfaceOrientationPortrait UIInterfaceOrientationPortraitUpsideDown UIInterfaceOrientationLandscapeLeft UIInterfaceOrientationLandscapeRight";
				INFOPLIST_KEY_UISupportedInterfaceOrientations_iPhone = "UIInterfaceOrientationPortrait UIInterfaceOrientationLandscapeLeft UIInterfaceOrientationLandscapeRight";
				LD_RUNPATH_SEARCH_PATHS = (
					"$(inherited)",
					"@executable_path/Frameworks",
				);
				MARKETING_VERSION = 1.0;
				PRODUCT_BUNDLE_IDENTIFIER = "com.muratmnz.WeatherApp-iOS-SwiftUI";
				PRODUCT_NAME = "$(TARGET_NAME)";
				SWIFT_EMIT_LOC_STRINGS = YES;
				SWIFT_VERSION = 5.0;
				TARGETED_DEVICE_FAMILY = "1,2";
			};
			name = Debug;
		};
		6830A5EC2A5FD80200EE3994 /* Release */ = {
			isa = XCBuildConfiguration;
			buildSettings = {
				ASSETCATALOG_COMPILER_APPICON_NAME = AppIcon;
				ASSETCATALOG_COMPILER_GLOBAL_ACCENT_COLOR_NAME = AccentColor;
				CODE_SIGN_STYLE = Automatic;
				CURRENT_PROJECT_VERSION = 1;
				DEVELOPMENT_ASSET_PATHS = "\"WeatherApp-iOS-SwiftUI/Preview Content\"";
				ENABLE_PREVIEWS = YES;
				GENERATE_INFOPLIST_FILE = YES;
				INFOPLIST_KEY_UIApplicationSceneManifest_Generation = YES;
				INFOPLIST_KEY_UIApplicationSupportsIndirectInputEvents = YES;
				INFOPLIST_KEY_UILaunchScreen_Generation = YES;
				INFOPLIST_KEY_UISupportedInterfaceOrientations_iPad = "UIInterfaceOrientationPortrait UIInterfaceOrientationPortraitUpsideDown UIInterfaceOrientationLandscapeLeft UIInterfaceOrientationLandscapeRight";
				INFOPLIST_KEY_UISupportedInterfaceOrientations_iPhone = "UIInterfaceOrientationPortrait UIInterfaceOrientationLandscapeLeft UIInterfaceOrientationLandscapeRight";
				LD_RUNPATH_SEARCH_PATHS = (
					"$(inherited)",
					"@executable_path/Frameworks",
				);
				MARKETING_VERSION = 1.0;
				PRODUCT_BUNDLE_IDENTIFIER = "com.muratmnz.WeatherApp-iOS-SwiftUI";
				PRODUCT_NAME = "$(TARGET_NAME)";
				SWIFT_EMIT_LOC_STRINGS = YES;
				SWIFT_VERSION = 5.0;
				TARGETED_DEVICE_FAMILY = "1,2";
			};
			name = Release;
		};
/* End XCBuildConfiguration section */

/* Begin XCConfigurationList section */
		6830A5D72A5FD80100EE3994 /* Build configuration list for PBXProject "WeatherApp-iOS-SwiftUI" */ = {
			isa = XCConfigurationList;
			buildConfigurations = (
				6830A5E82A5FD80200EE3994 /* Debug */,
				6830A5E92A5FD80200EE3994 /* Release */,
			);
			defaultConfigurationIsVisible = 0;
			defaultConfigurationName = Release;
		};
		6830A5EA2A5FD80200EE3994 /* Build configuration list for PBXNativeTarget "WeatherApp-iOS-SwiftUI" */ = {
			isa = XCConfigurationList;
			buildConfigurations = (
				6830A5EB2A5FD80200EE3994 /* Debug */,
				6830A5EC2A5FD80200EE3994 /* Release */,
			);
			defaultConfigurationIsVisible = 0;
			defaultConfigurationName = Release;
		};
/* End XCConfigurationList section */
	};
	rootObject = 6830A5D42A5FD80100EE3994 /* Project object */;
}
